
Microsoft Visual Studio Solution File, Format Version 12.00
# Visual Studio Version 17
VisualStudioVersion = 17.3.32819.101
MinimumVisualStudioVersion = 10.0.40219.1
Project("{2150E333-8FDC-42A3-9474-1A3956D46DE8}") = "Solution Items", "Solution Items", "{A53D1DF2-A1EA-4579-A8C8-88EC564393F9}"
	ProjectSection(SolutionItems) = preProject
		.editorconfig = .editorconfig
		.gitignore = .gitignore
		CHANGELOG.md = CHANGELOG.md
		LICENSE = LICENSE
		README.md = README.md
		Repository.json = Repository.json
	EndProjectSection
EndProject
Project("{FAE04EC0-301F-11D3-BF4B-00C04F79EFBC}") = "TabletopTweaks-Base", "TabletopTweaks-Base\TabletopTweaks-Base.csproj", "{C03B79A7-F087-44A4-92E1-DD3EDFCA487B}"
EndProject
Global
	GlobalSection(SolutionConfigurationPlatforms) = preSolution
		Debug|Any CPU = Debug|Any CPU
		Release|Any CPU = Release|Any CPU
	EndGlobalSection
	GlobalSection(ProjectConfigurationPlatforms) = postSolution
		{C03B79A7-F087-44A4-92E1-DD3EDFCA487B}.Debug|Any CPU.ActiveCfg = Debug|Any CPU
		{C03B79A7-F087-44A4-92E1-DD3EDFCA487B}.Debug|Any CPU.Build.0 = Debug|Any CPU
		{C03B79A7-F087-44A4-92E1-DD3EDFCA487B}.Release|Any CPU.ActiveCfg = Release|Any CPU
		{C03B79A7-F087-44A4-92E1-DD3EDFCA487B}.Release|Any CPU.Build.0 = Release|Any CPU
	EndGlobalSection
	GlobalSection(SolutionProperties) = preSolution
		HideSolutionNode = FALSE
	EndGlobalSection
	GlobalSection(NestedProjects) = preSolution
		{C03B79A7-F087-44A4-92E1-DD3EDFCA487B} = {A53D1DF2-A1EA-4579-A8C8-88EC564393F9}
	EndGlobalSection
	GlobalSection(ExtensibilityGlobals) = postSolution
		SolutionGuid = {C1718249-557A-4FAA-84CD-025BBCC4EB71}
	EndGlobalSection
EndGlobal
